
Microsoft Visual Studio Solution File, Format Version 12.00
# Visual Studio Version 17
VisualStudioVersion = 17.12.35527.113 d17.12
MinimumVisualStudioVersion = 10.0.40219.1
Project("{FAE04EC0-301F-11D3-BF4B-00C04F79EFBC}") = "OkulOtomasyon", "OkulOtomasyon\OkulOtomasyon.csproj", "{5BF68A71-2C76-4853-B151-9591A45232E3}"
EndProject
Global
	GlobalSection(SolutionConfigurationPlatforms) = preSolution
		Debug|Any CPU = Debug|Any CPU
		Release|Any CPU = Release|Any CPU
	EndGlobalSection
	GlobalSection(ProjectConfigurationPlatforms) = postSolution
		{5BF68A71-2C76-4853-B151-9591A45232E3}.Debug|Any CPU.ActiveCfg = Debug|Any CPU
		{5BF68A71-2C76-4853-B151-9591A45232E3}.Debug|Any CPU.Build.0 = Debug|Any CPU
		{5BF68A71-2C76-4853-B151-9591A45232E3}.Release|Any CPU.ActiveCfg = Release|Any CPU
		{5BF68A71-2C76-4853-B151-9591A45232E3}.Release|Any CPU.Build.0 = Release|Any CPU
	EndGlobalSection
	GlobalSection(SolutionProperties) = preSolution
		HideSolutionNode = FALSE
	EndGlobalSection
EndGlobal
